
Microsoft Visual Studio Solution File, Format Version 12.00
# Visual Studio Version 17
VisualStudioVersion = 17.1.32328.378
MinimumVisualStudioVersion = 10.0.40219.1
Project("{FAE04EC0-301F-11D3-BF4B-00C04F79EFBC}") = "odev", "odev\odev.csproj", "{5785CD00-F18C-4D0E-985B-6D0F556B51E9}"
EndProject
Global
	GlobalSection(SolutionConfigurationPlatforms) = preSolution
		Debug|Any CPU = Debug|Any CPU
		Release|Any CPU = Release|Any CPU
	EndGlobalSection
	GlobalSection(ProjectConfigurationPlatforms) = postSolution
		{5785CD00-F18C-4D0E-985B-6D0F556B51E9}.Debug|Any CPU.ActiveCfg = Debug|Any CPU
		{5785CD00-F18C-4D0E-985B-6D0F556B51E9}.Debug|Any CPU.Build.0 = Debug|Any CPU
		{5785CD00-F18C-4D0E-985B-6D0F556B51E9}.Release|Any CPU.ActiveCfg = Release|Any CPU
		{5785CD00-F18C-4D0E-985B-6D0F556B51E9}.Release|Any CPU.Build.0 = Release|Any CPU
	EndGlobalSection
	GlobalSection(SolutionProperties) = preSolution
		HideSolutionNode = FALSE
	EndGlobalSection
	GlobalSection(ExtensibilityGlobals) = postSolution
		SolutionGuid = {B6A5CE52-61CF-4504-BDBE-7E60C4D89A88}
	EndGlobalSection
EndGlobal
